
Microsoft Visual Studio Solution File, Format Version 12.00
# Visual Studio Version 17
VisualStudioVersion = 17.11.35327.3
MinimumVisualStudioVersion = 10.0.40219.1
Project("{FAE04EC0-301F-11D3-BF4B-00C04F79EFBC}") = "ASM2_DB", "ASM2_DB\ASM2_DB.csproj", "{C9090830-AF11-45FB-9BDB-0AC1E1758B65}"
EndProject
Global
	GlobalSection(SolutionConfigurationPlatforms) = preSolution
		Debug|Any CPU = Debug|Any CPU
		Release|Any CPU = Release|Any CPU
	EndGlobalSection
	GlobalSection(ProjectConfigurationPlatforms) = postSolution
		{C9090830-AF11-45FB-9BDB-0AC1E1758B65}.Debug|Any CPU.ActiveCfg = Debug|Any CPU
		{C9090830-AF11-45FB-9BDB-0AC1E1758B65}.Debug|Any CPU.Build.0 = Debug|Any CPU
		{C9090830-AF11-45FB-9BDB-0AC1E1758B65}.Release|Any CPU.ActiveCfg = Release|Any CPU
		{C9090830-AF11-45FB-9BDB-0AC1E1758B65}.Release|Any CPU.Build.0 = Release|Any CPU
	EndGlobalSection
	GlobalSection(SolutionProperties) = preSolution
		HideSolutionNode = FALSE
	EndGlobalSection
	GlobalSection(ExtensibilityGlobals) = postSolution
		SolutionGuid = {E18F24CF-2964-4489-8C81-15FC3B961957}
	EndGlobalSection
EndGlobal
